
Microsoft Visual Studio Solution File, Format Version 12.00
# Visual Studio Version 17
VisualStudioVersion = 17.7.34024.191
MinimumVisualStudioVersion = 10.0.40219.1
Project("{FAE04EC0-301F-11D3-BF4B-00C04F79EFBC}") = "Gestion des horaires", "Gestion des horaires.csproj", "{198085DE-A75A-417C-A556-736E0A984121}"
EndProject
Global
	GlobalSection(SolutionConfigurationPlatforms) = preSolution
		Debug|Any CPU = Debug|Any CPU
		Release|Any CPU = Release|Any CPU
	EndGlobalSection
	GlobalSection(ProjectConfigurationPlatforms) = postSolution
		{198085DE-A75A-417C-A556-736E0A984121}.Debug|Any CPU.ActiveCfg = Debug|Any CPU
		{198085DE-A75A-417C-A556-736E0A984121}.Debug|Any CPU.Build.0 = Debug|Any CPU
		{198085DE-A75A-417C-A556-736E0A984121}.Release|Any CPU.ActiveCfg = Release|Any CPU
		{198085DE-A75A-417C-A556-736E0A984121}.Release|Any CPU.Build.0 = Release|Any CPU
	EndGlobalSection
	GlobalSection(SolutionProperties) = preSolution
		HideSolutionNode = FALSE
	EndGlobalSection
	GlobalSection(ExtensibilityGlobals) = postSolution
		SolutionGuid = {EA0CE041-7EC0-4DFC-A5C1-9D0E0D1F9A08}
	EndGlobalSection
EndGlobal
